
Microsoft Visual Studio Solution File, Format Version 12.00
# Visual Studio Version 17
VisualStudioVersion = 17.11.35327.3
MinimumVisualStudioVersion = 10.0.40219.1
Project("{FAE04EC0-301F-11D3-BF4B-00C04F79EFBC}") = "Models", "Models\Models.csproj", "{20334292-7D84-4AD8-8F5F-6D9A3F55BB75}"
EndProject
Project("{FAE04EC0-301F-11D3-BF4B-00C04F79EFBC}") = "MovieController", "MovieController\MovieController.csproj", "{96F547E7-3009-427D-AC33-7A29E42D2C82}"
EndProject
Project("{FAE04EC0-301F-11D3-BF4B-00C04F79EFBC}") = "Services", "Services\Services.csproj", "{9429618E-C2DC-4B0B-AB56-231029B0CF99}"
EndProject
Global
	GlobalSection(SolutionConfigurationPlatforms) = preSolution
		Debug|Any CPU = Debug|Any CPU
		Release|Any CPU = Release|Any CPU
	EndGlobalSection
	GlobalSection(ProjectConfigurationPlatforms) = postSolution
		{20334292-7D84-4AD8-8F5F-6D9A3F55BB75}.Debug|Any CPU.ActiveCfg = Debug|Any CPU
		{20334292-7D84-4AD8-8F5F-6D9A3F55BB75}.Debug|Any CPU.Build.0 = Debug|Any CPU
		{20334292-7D84-4AD8-8F5F-6D9A3F55BB75}.Release|Any CPU.ActiveCfg = Release|Any CPU
		{20334292-7D84-4AD8-8F5F-6D9A3F55BB75}.Release|Any CPU.Build.0 = Release|Any CPU
		{96F547E7-3009-427D-AC33-7A29E42D2C82}.Debug|Any CPU.ActiveCfg = Debug|Any CPU
		{96F547E7-3009-427D-AC33-7A29E42D2C82}.Debug|Any CPU.Build.0 = Debug|Any CPU
		{96F547E7-3009-427D-AC33-7A29E42D2C82}.Release|Any CPU.ActiveCfg = Release|Any CPU
		{96F547E7-3009-427D-AC33-7A29E42D2C82}.Release|Any CPU.Build.0 = Release|Any CPU
		{9429618E-C2DC-4B0B-AB56-231029B0CF99}.Debug|Any CPU.ActiveCfg = Debug|Any CPU
		{9429618E-C2DC-4B0B-AB56-231029B0CF99}.Debug|Any CPU.Build.0 = Debug|Any CPU
		{9429618E-C2DC-4B0B-AB56-231029B0CF99}.Release|Any CPU.ActiveCfg = Release|Any CPU
		{9429618E-C2DC-4B0B-AB56-231029B0CF99}.Release|Any CPU.Build.0 = Release|Any CPU
	EndGlobalSection
	GlobalSection(SolutionProperties) = preSolution
		HideSolutionNode = FALSE
	EndGlobalSection
	GlobalSection(ExtensibilityGlobals) = postSolution
		SolutionGuid = {E2E8B1C2-1500-4637-BF77-B0608645618E}
	EndGlobalSection
EndGlobal
