
Microsoft Visual Studio Solution File, Format Version 12.00
# Visual Studio Version 17
VisualStudioVersion = 17.11.35327.3
MinimumVisualStudioVersion = 10.0.40219.1
Project("{FAE04EC0-301F-11D3-BF4B-00C04F79EFBC}") = "Web_Application", "WebApplication\Web_Application.csproj", "{856D2298-AED6-47F8-BDA2-4D9456060809}"
EndProject
Project("{FAE04EC0-301F-11D3-BF4B-00C04F79EFBC}") = "DataAccess", "DataAccess\DataAccess.csproj", "{C8D182CC-9547-412D-BE08-DB69D9666118}"
EndProject
Project("{FAE04EC0-301F-11D3-BF4B-00C04F79EFBC}") = "Models", "Models\Models.csproj", "{F6E07743-E411-4549-A630-D5CEE3CD13A0}"
EndProject
Project("{FAE04EC0-301F-11D3-BF4B-00C04F79EFBC}") = "Interfaces", "Interfaces\Interfaces.csproj", "{0D25E68A-F758-4A22-BA5C-476BF0E53690}"
EndProject
Project("{FAE04EC0-301F-11D3-BF4B-00C04F79EFBC}") = "Services", "Services\Services.csproj", "{69B288F2-7AF4-40C0-9897-43625D05540F}"
EndProject
Global
	GlobalSection(SolutionConfigurationPlatforms) = preSolution
		Debug|Any CPU = Debug|Any CPU
		Release|Any CPU = Release|Any CPU
	EndGlobalSection
	GlobalSection(ProjectConfigurationPlatforms) = postSolution
		{856D2298-AED6-47F8-BDA2-4D9456060809}.Debug|Any CPU.ActiveCfg = Debug|Any CPU
		{856D2298-AED6-47F8-BDA2-4D9456060809}.Debug|Any CPU.Build.0 = Debug|Any CPU
		{856D2298-AED6-47F8-BDA2-4D9456060809}.Release|Any CPU.ActiveCfg = Release|Any CPU
		{856D2298-AED6-47F8-BDA2-4D9456060809}.Release|Any CPU.Build.0 = Release|Any CPU
		{C8D182CC-9547-412D-BE08-DB69D9666118}.Debug|Any CPU.ActiveCfg = Debug|Any CPU
		{C8D182CC-9547-412D-BE08-DB69D9666118}.Debug|Any CPU.Build.0 = Debug|Any CPU
		{C8D182CC-9547-412D-BE08-DB69D9666118}.Release|Any CPU.ActiveCfg = Release|Any CPU
		{C8D182CC-9547-412D-BE08-DB69D9666118}.Release|Any CPU.Build.0 = Release|Any CPU
		{F6E07743-E411-4549-A630-D5CEE3CD13A0}.Debug|Any CPU.ActiveCfg = Debug|Any CPU
		{F6E07743-E411-4549-A630-D5CEE3CD13A0}.Debug|Any CPU.Build.0 = Debug|Any CPU
		{F6E07743-E411-4549-A630-D5CEE3CD13A0}.Release|Any CPU.ActiveCfg = Release|Any CPU
		{F6E07743-E411-4549-A630-D5CEE3CD13A0}.Release|Any CPU.Build.0 = Release|Any CPU
		{0D25E68A-F758-4A22-BA5C-476BF0E53690}.Debug|Any CPU.ActiveCfg = Debug|Any CPU
		{0D25E68A-F758-4A22-BA5C-476BF0E53690}.Debug|Any CPU.Build.0 = Debug|Any CPU
		{0D25E68A-F758-4A22-BA5C-476BF0E53690}.Release|Any CPU.ActiveCfg = Release|Any CPU
		{0D25E68A-F758-4A22-BA5C-476BF0E53690}.Release|Any CPU.Build.0 = Release|Any CPU
		{69B288F2-7AF4-40C0-9897-43625D05540F}.Debug|Any CPU.ActiveCfg = Debug|Any CPU
		{69B288F2-7AF4-40C0-9897-43625D05540F}.Debug|Any CPU.Build.0 = Debug|Any CPU
		{69B288F2-7AF4-40C0-9897-43625D05540F}.Release|Any CPU.ActiveCfg = Release|Any CPU
		{69B288F2-7AF4-40C0-9897-43625D05540F}.Release|Any CPU.Build.0 = Release|Any CPU
	EndGlobalSection
	GlobalSection(SolutionProperties) = preSolution
		HideSolutionNode = FALSE
	EndGlobalSection
	GlobalSection(ExtensibilityGlobals) = postSolution
		SolutionGuid = {B5C8250D-267E-4C18-B94B-126F4F105545}
	EndGlobalSection
EndGlobal
