
Microsoft Visual Studio Solution File, Format Version 12.00
# Visual Studio Version 17
VisualStudioVersion = 17.11.35327.3
MinimumVisualStudioVersion = 10.0.40219.1
Project("{FAE04EC0-301F-11D3-BF4B-00C04F79EFBC}") = "DemoClassLibrary", "DemoClassLibrary\DemoClassLibrary.csproj", "{20A8855B-A4A9-4DCB-BD27-1800A847BCEA}"
EndProject
Global
	GlobalSection(SolutionConfigurationPlatforms) = preSolution
		Debug|Any CPU = Debug|Any CPU
		Release|Any CPU = Release|Any CPU
	EndGlobalSection
	GlobalSection(ProjectConfigurationPlatforms) = postSolution
		{20A8855B-A4A9-4DCB-BD27-1800A847BCEA}.Debug|Any CPU.ActiveCfg = Debug|Any CPU
		{20A8855B-A4A9-4DCB-BD27-1800A847BCEA}.Debug|Any CPU.Build.0 = Debug|Any CPU
		{20A8855B-A4A9-4DCB-BD27-1800A847BCEA}.Release|Any CPU.ActiveCfg = Release|Any CPU
		{20A8855B-A4A9-4DCB-BD27-1800A847BCEA}.Release|Any CPU.Build.0 = Release|Any CPU
	EndGlobalSection
	GlobalSection(SolutionProperties) = preSolution
		HideSolutionNode = FALSE
	EndGlobalSection
	GlobalSection(ExtensibilityGlobals) = postSolution
		SolutionGuid = {08EB9426-14DF-4A32-9AA1-080B0F75F348}
	EndGlobalSection
EndGlobal
