
Microsoft Visual Studio Solution File, Format Version 12.00
# Visual Studio Version 17
VisualStudioVersion = 17.11.35327.3
MinimumVisualStudioVersion = 10.0.40219.1
Project("{FAE04EC0-301F-11D3-BF4B-00C04F79EFBC}") = "PlayWright_MSTest_Project", "PlayWright_MSTest_Project\PlayWright_MSTest_Project.csproj", "{B1952A7E-BBBA-4E14-918E-36B37F76D6A7}"
EndProject
Global
	GlobalSection(SolutionConfigurationPlatforms) = preSolution
		Debug|Any CPU = Debug|Any CPU
		Release|Any CPU = Release|Any CPU
	EndGlobalSection
	GlobalSection(ProjectConfigurationPlatforms) = postSolution
		{B1952A7E-BBBA-4E14-918E-36B37F76D6A7}.Debug|Any CPU.ActiveCfg = Debug|Any CPU
		{B1952A7E-BBBA-4E14-918E-36B37F76D6A7}.Debug|Any CPU.Build.0 = Debug|Any CPU
		{B1952A7E-BBBA-4E14-918E-36B37F76D6A7}.Release|Any CPU.ActiveCfg = Release|Any CPU
		{B1952A7E-BBBA-4E14-918E-36B37F76D6A7}.Release|Any CPU.Build.0 = Release|Any CPU
	EndGlobalSection
	GlobalSection(SolutionProperties) = preSolution
		HideSolutionNode = FALSE
	EndGlobalSection
	GlobalSection(ExtensibilityGlobals) = postSolution
		SolutionGuid = {66B3378E-7E35-446F-8FA8-87B3041C646B}
	EndGlobalSection
EndGlobal
