
Microsoft Visual Studio Solution File, Format Version 12.00
# Visual Studio Version 17
VisualStudioVersion = 17.11.35327.3
MinimumVisualStudioVersion = 10.0.40219.1
Project("{FAE04EC0-301F-11D3-BF4B-00C04F79EFBC}") = "ModernMilkmanSamplePlaywrightUITest", "ModernMilkmanSamplePlaywrightUITest\ModernMilkmanSamplePlaywrightUITest.csproj", "{273AB087-37CC-4CF3-BC39-F91BFA3D8711}"
EndProject
Global
	GlobalSection(SolutionConfigurationPlatforms) = preSolution
		Debug|Any CPU = Debug|Any CPU
		Release|Any CPU = Release|Any CPU
	EndGlobalSection
	GlobalSection(ProjectConfigurationPlatforms) = postSolution
		{273AB087-37CC-4CF3-BC39-F91BFA3D8711}.Debug|Any CPU.ActiveCfg = Debug|Any CPU
		{273AB087-37CC-4CF3-BC39-F91BFA3D8711}.Debug|Any CPU.Build.0 = Debug|Any CPU
		{273AB087-37CC-4CF3-BC39-F91BFA3D8711}.Release|Any CPU.ActiveCfg = Release|Any CPU
		{273AB087-37CC-4CF3-BC39-F91BFA3D8711}.Release|Any CPU.Build.0 = Release|Any CPU
	EndGlobalSection
	GlobalSection(SolutionProperties) = preSolution
		HideSolutionNode = FALSE
	EndGlobalSection
	GlobalSection(ExtensibilityGlobals) = postSolution
		SolutionGuid = {6A7D3A71-E4C0-4AA4-8677-8BE88809B3DD}
	EndGlobalSection
EndGlobal
