
Microsoft Visual Studio Solution File, Format Version 12.00
# Visual Studio Version 17
VisualStudioVersion = 17.11.35327.3
MinimumVisualStudioVersion = 10.0.40219.1
Project("{FAE04EC0-301F-11D3-BF4B-00C04F79EFBC}") = "Entities", "Entities\Entities.csproj", "{56D4E346-5ED7-466C-80AC-7D0E77DB4BDE}"
EndProject
Project("{FAE04EC0-301F-11D3-BF4B-00C04F79EFBC}") = "CategoryController", "CategoryController\CategoryController.csproj", "{E6934F4F-A1E4-41E5-8A78-6C5F252225B5}"
EndProject
Project("{FAE04EC0-301F-11D3-BF4B-00C04F79EFBC}") = "Services", "Services\Services.csproj", "{CD67D580-25F8-4CFB-9D21-934E2B0FE4B0}"
EndProject
Project("{FAE04EC0-301F-11D3-BF4B-00C04F79EFBC}") = "Dto's", "Dto's\Dto's.csproj", "{0D322871-5139-4331-A232-D01DB68045F2}"
EndProject
Global
	GlobalSection(SolutionConfigurationPlatforms) = preSolution
		Debug|Any CPU = Debug|Any CPU
		Release|Any CPU = Release|Any CPU
	EndGlobalSection
	GlobalSection(ProjectConfigurationPlatforms) = postSolution
		{56D4E346-5ED7-466C-80AC-7D0E77DB4BDE}.Debug|Any CPU.ActiveCfg = Debug|Any CPU
		{56D4E346-5ED7-466C-80AC-7D0E77DB4BDE}.Debug|Any CPU.Build.0 = Debug|Any CPU
		{56D4E346-5ED7-466C-80AC-7D0E77DB4BDE}.Release|Any CPU.ActiveCfg = Release|Any CPU
		{56D4E346-5ED7-466C-80AC-7D0E77DB4BDE}.Release|Any CPU.Build.0 = Release|Any CPU
		{E6934F4F-A1E4-41E5-8A78-6C5F252225B5}.Debug|Any CPU.ActiveCfg = Debug|Any CPU
		{E6934F4F-A1E4-41E5-8A78-6C5F252225B5}.Debug|Any CPU.Build.0 = Debug|Any CPU
		{E6934F4F-A1E4-41E5-8A78-6C5F252225B5}.Release|Any CPU.ActiveCfg = Release|Any CPU
		{E6934F4F-A1E4-41E5-8A78-6C5F252225B5}.Release|Any CPU.Build.0 = Release|Any CPU
		{CD67D580-25F8-4CFB-9D21-934E2B0FE4B0}.Debug|Any CPU.ActiveCfg = Debug|Any CPU
		{CD67D580-25F8-4CFB-9D21-934E2B0FE4B0}.Debug|Any CPU.Build.0 = Debug|Any CPU
		{CD67D580-25F8-4CFB-9D21-934E2B0FE4B0}.Release|Any CPU.ActiveCfg = Release|Any CPU
		{CD67D580-25F8-4CFB-9D21-934E2B0FE4B0}.Release|Any CPU.Build.0 = Release|Any CPU
		{0D322871-5139-4331-A232-D01DB68045F2}.Debug|Any CPU.ActiveCfg = Debug|Any CPU
		{0D322871-5139-4331-A232-D01DB68045F2}.Debug|Any CPU.Build.0 = Debug|Any CPU
		{0D322871-5139-4331-A232-D01DB68045F2}.Release|Any CPU.ActiveCfg = Release|Any CPU
		{0D322871-5139-4331-A232-D01DB68045F2}.Release|Any CPU.Build.0 = Release|Any CPU
	EndGlobalSection
	GlobalSection(SolutionProperties) = preSolution
		HideSolutionNode = FALSE
	EndGlobalSection
	GlobalSection(ExtensibilityGlobals) = postSolution
		SolutionGuid = {39174360-7AEE-45A2-823A-B2FA3EBBD5B1}
	EndGlobalSection
EndGlobal
