
Microsoft Visual Studio Solution File, Format Version 12.00
# Visual Studio Version 17
VisualStudioVersion = 17.11.35327.3
MinimumVisualStudioVersion = 10.0.40219.1
Project("{9A19103F-16F7-4668-BE54-9A1E7A4F7556}") = "Models", "Models\Models.csproj", "{AECBF5AA-6367-4478-B347-41ACEA9E770E}"
EndProject
Project("{9A19103F-16F7-4668-BE54-9A1E7A4F7556}") = "Interfaces", "Interfaces\Interfaces.csproj", "{2D8316A7-D98E-47CF-BC37-483420658C8E}"
EndProject
Project("{9A19103F-16F7-4668-BE54-9A1E7A4F7556}") = "Services", "Services\Services.csproj", "{295B6A2F-0E05-4DF6-A426-54A4AFB9CD93}"
EndProject
Project("{9A19103F-16F7-4668-BE54-9A1E7A4F7556}") = "Repository", "Repository\Repository.csproj", "{FE9547AF-9A63-4030-8D46-BE00DCC8A708}"
EndProject
Project("{9A19103F-16F7-4668-BE54-9A1E7A4F7556}") = "Dto", "Dto\Dto.csproj", "{F6DCD33E-2C28-4D38-9DCE-19D8BC5B5776}"
EndProject
Project("{9A19103F-16F7-4668-BE54-9A1E7A4F7556}") = "ProductController", "ProductController\ProductController.csproj", "{8E3658A7-739B-4DB1-9976-6390B44F870F}"
EndProject
Project("{9A19103F-16F7-4668-BE54-9A1E7A4F7556}") = "Middlewares", "Middlewares\Middlewares.csproj", "{12F2C212-BB67-4EBD-827A-AA2C55CC97E7}"
EndProject
Project("{FAE04EC0-301F-11D3-BF4B-00C04F79EFBC}") = "Action_Filters", "Action_Filters\Action_Filters.csproj", "{C3F76ECD-8FD1-4442-8DF8-164C180EDC94}"
EndProject
Global
	GlobalSection(SolutionConfigurationPlatforms) = preSolution
		Debug|Any CPU = Debug|Any CPU
		Release|Any CPU = Release|Any CPU
	EndGlobalSection
	GlobalSection(ProjectConfigurationPlatforms) = postSolution
		{AECBF5AA-6367-4478-B347-41ACEA9E770E}.Debug|Any CPU.ActiveCfg = Debug|Any CPU
		{AECBF5AA-6367-4478-B347-41ACEA9E770E}.Debug|Any CPU.Build.0 = Debug|Any CPU
		{AECBF5AA-6367-4478-B347-41ACEA9E770E}.Release|Any CPU.ActiveCfg = Release|Any CPU
		{AECBF5AA-6367-4478-B347-41ACEA9E770E}.Release|Any CPU.Build.0 = Release|Any CPU
		{2D8316A7-D98E-47CF-BC37-483420658C8E}.Debug|Any CPU.ActiveCfg = Debug|Any CPU
		{2D8316A7-D98E-47CF-BC37-483420658C8E}.Debug|Any CPU.Build.0 = Debug|Any CPU
		{2D8316A7-D98E-47CF-BC37-483420658C8E}.Release|Any CPU.ActiveCfg = Release|Any CPU
		{2D8316A7-D98E-47CF-BC37-483420658C8E}.Release|Any CPU.Build.0 = Release|Any CPU
		{295B6A2F-0E05-4DF6-A426-54A4AFB9CD93}.Debug|Any CPU.ActiveCfg = Debug|Any CPU
		{295B6A2F-0E05-4DF6-A426-54A4AFB9CD93}.Debug|Any CPU.Build.0 = Debug|Any CPU
		{295B6A2F-0E05-4DF6-A426-54A4AFB9CD93}.Release|Any CPU.ActiveCfg = Release|Any CPU
		{295B6A2F-0E05-4DF6-A426-54A4AFB9CD93}.Release|Any CPU.Build.0 = Release|Any CPU
		{FE9547AF-9A63-4030-8D46-BE00DCC8A708}.Debug|Any CPU.ActiveCfg = Debug|Any CPU
		{FE9547AF-9A63-4030-8D46-BE00DCC8A708}.Debug|Any CPU.Build.0 = Debug|Any CPU
		{FE9547AF-9A63-4030-8D46-BE00DCC8A708}.Release|Any CPU.ActiveCfg = Release|Any CPU
		{FE9547AF-9A63-4030-8D46-BE00DCC8A708}.Release|Any CPU.Build.0 = Release|Any CPU
		{F6DCD33E-2C28-4D38-9DCE-19D8BC5B5776}.Debug|Any CPU.ActiveCfg = Debug|Any CPU
		{F6DCD33E-2C28-4D38-9DCE-19D8BC5B5776}.Debug|Any CPU.Build.0 = Debug|Any CPU
		{F6DCD33E-2C28-4D38-9DCE-19D8BC5B5776}.Release|Any CPU.ActiveCfg = Release|Any CPU
		{F6DCD33E-2C28-4D38-9DCE-19D8BC5B5776}.Release|Any CPU.Build.0 = Release|Any CPU
		{8E3658A7-739B-4DB1-9976-6390B44F870F}.Debug|Any CPU.ActiveCfg = Debug|Any CPU
		{8E3658A7-739B-4DB1-9976-6390B44F870F}.Debug|Any CPU.Build.0 = Debug|Any CPU
		{8E3658A7-739B-4DB1-9976-6390B44F870F}.Release|Any CPU.ActiveCfg = Release|Any CPU
		{8E3658A7-739B-4DB1-9976-6390B44F870F}.Release|Any CPU.Build.0 = Release|Any CPU
		{12F2C212-BB67-4EBD-827A-AA2C55CC97E7}.Debug|Any CPU.ActiveCfg = Debug|Any CPU
		{12F2C212-BB67-4EBD-827A-AA2C55CC97E7}.Debug|Any CPU.Build.0 = Debug|Any CPU
		{12F2C212-BB67-4EBD-827A-AA2C55CC97E7}.Release|Any CPU.ActiveCfg = Release|Any CPU
		{12F2C212-BB67-4EBD-827A-AA2C55CC97E7}.Release|Any CPU.Build.0 = Release|Any CPU
		{C3F76ECD-8FD1-4442-8DF8-164C180EDC94}.Debug|Any CPU.ActiveCfg = Debug|Any CPU
		{C3F76ECD-8FD1-4442-8DF8-164C180EDC94}.Debug|Any CPU.Build.0 = Debug|Any CPU
		{C3F76ECD-8FD1-4442-8DF8-164C180EDC94}.Release|Any CPU.ActiveCfg = Release|Any CPU
		{C3F76ECD-8FD1-4442-8DF8-164C180EDC94}.Release|Any CPU.Build.0 = Release|Any CPU
	EndGlobalSection
	GlobalSection(SolutionProperties) = preSolution
		HideSolutionNode = FALSE
	EndGlobalSection
	GlobalSection(ExtensibilityGlobals) = postSolution
		SolutionGuid = {74F950E1-93C1-4604-A5F6-5365967B7DE4}
	EndGlobalSection
EndGlobal
