
Microsoft Visual Studio Solution File, Format Version 12.00
# Visual Studio Version 17
VisualStudioVersion = 17.11.35327.3
MinimumVisualStudioVersion = 10.0.40219.1
Project("{FAE04EC0-301F-11D3-BF4B-00C04F79EFBC}") = "DataModels", "DataModels\DataModels.csproj", "{B1891ACF-8911-4F3C-BC57-BF265AB128BF}"
EndProject
Project("{FAE04EC0-301F-11D3-BF4B-00C04F79EFBC}") = "ProductController", "ProductController\ProductController.csproj", "{FC661299-B58C-43C7-8F1C-29DBAFF94A54}"
EndProject
Global
	GlobalSection(SolutionConfigurationPlatforms) = preSolution
		Debug|Any CPU = Debug|Any CPU
		Release|Any CPU = Release|Any CPU
	EndGlobalSection
	GlobalSection(ProjectConfigurationPlatforms) = postSolution
		{B1891ACF-8911-4F3C-BC57-BF265AB128BF}.Debug|Any CPU.ActiveCfg = Debug|Any CPU
		{B1891ACF-8911-4F3C-BC57-BF265AB128BF}.Debug|Any CPU.Build.0 = Debug|Any CPU
		{B1891ACF-8911-4F3C-BC57-BF265AB128BF}.Release|Any CPU.ActiveCfg = Release|Any CPU
		{B1891ACF-8911-4F3C-BC57-BF265AB128BF}.Release|Any CPU.Build.0 = Release|Any CPU
		{FC661299-B58C-43C7-8F1C-29DBAFF94A54}.Debug|Any CPU.ActiveCfg = Debug|Any CPU
		{FC661299-B58C-43C7-8F1C-29DBAFF94A54}.Debug|Any CPU.Build.0 = Debug|Any CPU
		{FC661299-B58C-43C7-8F1C-29DBAFF94A54}.Release|Any CPU.ActiveCfg = Release|Any CPU
		{FC661299-B58C-43C7-8F1C-29DBAFF94A54}.Release|Any CPU.Build.0 = Release|Any CPU
	EndGlobalSection
	GlobalSection(SolutionProperties) = preSolution
		HideSolutionNode = FALSE
	EndGlobalSection
	GlobalSection(ExtensibilityGlobals) = postSolution
		SolutionGuid = {5A41FAA9-6714-4379-BA73-3491371FEFE0}
	EndGlobalSection
EndGlobal
