
Microsoft Visual Studio Solution File, Format Version 12.00
# Visual Studio Version 17
VisualStudioVersion = 17.11.35327.3
MinimumVisualStudioVersion = 10.0.40219.1
Project("{FAE04EC0-301F-11D3-BF4B-00C04F79EFBC}") = "Playwright_Management_Task", "Playwright_Management_Task\Playwright_Management_Task.csproj", "{D6C95862-2DC8-4219-AF99-2E0C0FF2CCCF}"
EndProject
Global
	GlobalSection(SolutionConfigurationPlatforms) = preSolution
		Debug|Any CPU = Debug|Any CPU
		Release|Any CPU = Release|Any CPU
	EndGlobalSection
	GlobalSection(ProjectConfigurationPlatforms) = postSolution
		{D6C95862-2DC8-4219-AF99-2E0C0FF2CCCF}.Debug|Any CPU.ActiveCfg = Debug|Any CPU
		{D6C95862-2DC8-4219-AF99-2E0C0FF2CCCF}.Debug|Any CPU.Build.0 = Debug|Any CPU
		{D6C95862-2DC8-4219-AF99-2E0C0FF2CCCF}.Release|Any CPU.ActiveCfg = Release|Any CPU
		{D6C95862-2DC8-4219-AF99-2E0C0FF2CCCF}.Release|Any CPU.Build.0 = Release|Any CPU
	EndGlobalSection
	GlobalSection(SolutionProperties) = preSolution
		HideSolutionNode = FALSE
	EndGlobalSection
	GlobalSection(ExtensibilityGlobals) = postSolution
		SolutionGuid = {54E4FFC8-ADAF-4764-9D72-ED801BF24A6E}
	EndGlobalSection
EndGlobal
