
Microsoft Visual Studio Solution File, Format Version 12.00
# Visual Studio Version 17
VisualStudioVersion = 17.11.35327.3
MinimumVisualStudioVersion = 10.0.40219.1
Project("{FAE04EC0-301F-11D3-BF4B-00C04F79EFBC}") = "Models", "Models\Models.csproj", "{9281CFBD-007B-40A6-9F74-EC2F41667E47}"
EndProject
Project("{FAE04EC0-301F-11D3-BF4B-00C04F79EFBC}") = "DTOs", "DTOs\DTOs.csproj", "{15CFCBC8-BC42-4FCD-81D7-5C5A1852C0CF}"
EndProject
Project("{FAE04EC0-301F-11D3-BF4B-00C04F79EFBC}") = "Repository", "Repository\Repository.csproj", "{4772AAF7-3FEC-4EB0-9321-36C5A17912D9}"
EndProject
Project("{FAE04EC0-301F-11D3-BF4B-00C04F79EFBC}") = "Services", "Services\Services.csproj", "{673AC401-091B-4D5F-AB82-A3C550F2E3D5}"
EndProject
Project("{FAE04EC0-301F-11D3-BF4B-00C04F79EFBC}") = "EmployeeController", "EmployeeController\EmployeeController.csproj", "{1F0D4F20-020F-48F9-BA06-7B97DA6D1F56}"
EndProject
Global
	GlobalSection(SolutionConfigurationPlatforms) = preSolution
		Debug|Any CPU = Debug|Any CPU
		Release|Any CPU = Release|Any CPU
	EndGlobalSection
	GlobalSection(ProjectConfigurationPlatforms) = postSolution
		{9281CFBD-007B-40A6-9F74-EC2F41667E47}.Debug|Any CPU.ActiveCfg = Debug|Any CPU
		{9281CFBD-007B-40A6-9F74-EC2F41667E47}.Debug|Any CPU.Build.0 = Debug|Any CPU
		{9281CFBD-007B-40A6-9F74-EC2F41667E47}.Release|Any CPU.ActiveCfg = Release|Any CPU
		{9281CFBD-007B-40A6-9F74-EC2F41667E47}.Release|Any CPU.Build.0 = Release|Any CPU
		{15CFCBC8-BC42-4FCD-81D7-5C5A1852C0CF}.Debug|Any CPU.ActiveCfg = Debug|Any CPU
		{15CFCBC8-BC42-4FCD-81D7-5C5A1852C0CF}.Debug|Any CPU.Build.0 = Debug|Any CPU
		{15CFCBC8-BC42-4FCD-81D7-5C5A1852C0CF}.Release|Any CPU.ActiveCfg = Release|Any CPU
		{15CFCBC8-BC42-4FCD-81D7-5C5A1852C0CF}.Release|Any CPU.Build.0 = Release|Any CPU
		{4772AAF7-3FEC-4EB0-9321-36C5A17912D9}.Debug|Any CPU.ActiveCfg = Debug|Any CPU
		{4772AAF7-3FEC-4EB0-9321-36C5A17912D9}.Debug|Any CPU.Build.0 = Debug|Any CPU
		{4772AAF7-3FEC-4EB0-9321-36C5A17912D9}.Release|Any CPU.ActiveCfg = Release|Any CPU
		{4772AAF7-3FEC-4EB0-9321-36C5A17912D9}.Release|Any CPU.Build.0 = Release|Any CPU
		{673AC401-091B-4D5F-AB82-A3C550F2E3D5}.Debug|Any CPU.ActiveCfg = Debug|Any CPU
		{673AC401-091B-4D5F-AB82-A3C550F2E3D5}.Debug|Any CPU.Build.0 = Debug|Any CPU
		{673AC401-091B-4D5F-AB82-A3C550F2E3D5}.Release|Any CPU.ActiveCfg = Release|Any CPU
		{673AC401-091B-4D5F-AB82-A3C550F2E3D5}.Release|Any CPU.Build.0 = Release|Any CPU
		{1F0D4F20-020F-48F9-BA06-7B97DA6D1F56}.Debug|Any CPU.ActiveCfg = Debug|Any CPU
		{1F0D4F20-020F-48F9-BA06-7B97DA6D1F56}.Debug|Any CPU.Build.0 = Debug|Any CPU
		{1F0D4F20-020F-48F9-BA06-7B97DA6D1F56}.Release|Any CPU.ActiveCfg = Release|Any CPU
		{1F0D4F20-020F-48F9-BA06-7B97DA6D1F56}.Release|Any CPU.Build.0 = Release|Any CPU
	EndGlobalSection
	GlobalSection(SolutionProperties) = preSolution
		HideSolutionNode = FALSE
	EndGlobalSection
	GlobalSection(ExtensibilityGlobals) = postSolution
		SolutionGuid = {A247A6C3-CC42-4360-B090-8562C2CED89E}
	EndGlobalSection
EndGlobal
