
Microsoft Visual Studio Solution File, Format Version 12.00
# Visual Studio Version 17
VisualStudioVersion = 17.11.35327.3
MinimumVisualStudioVersion = 10.0.40219.1
Project("{9A19103F-16F7-4668-BE54-9A1E7A4F7556}") = "Db_Connect", "Db_Connect\Db_Connect.csproj", "{BCC67B42-DD6D-46E9-926C-22A73360824C}"
EndProject
Project("{9A19103F-16F7-4668-BE54-9A1E7A4F7556}") = "DB_Connect5", "DB_Connect5\DB_Connect5.csproj", "{B2FC29D8-5A2B-4598-8C16-47B0EAD14DAF}"
EndProject
Project("{FAE04EC0-301F-11D3-BF4B-00C04F79EFBC}") = "ConsoleAppEFExample", "ConsoleAppEFExample\ConsoleAppEFExample.csproj", "{68E173FE-D725-4068-ACCC-147D6310148A}"
EndProject
Global
	GlobalSection(SolutionConfigurationPlatforms) = preSolution
		Debug|Any CPU = Debug|Any CPU
		Release|Any CPU = Release|Any CPU
	EndGlobalSection
	GlobalSection(ProjectConfigurationPlatforms) = postSolution
		{BCC67B42-DD6D-46E9-926C-22A73360824C}.Debug|Any CPU.ActiveCfg = Debug|Any CPU
		{BCC67B42-DD6D-46E9-926C-22A73360824C}.Debug|Any CPU.Build.0 = Debug|Any CPU
		{BCC67B42-DD6D-46E9-926C-22A73360824C}.Release|Any CPU.ActiveCfg = Release|Any CPU
		{BCC67B42-DD6D-46E9-926C-22A73360824C}.Release|Any CPU.Build.0 = Release|Any CPU
		{B2FC29D8-5A2B-4598-8C16-47B0EAD14DAF}.Debug|Any CPU.ActiveCfg = Debug|Any CPU
		{B2FC29D8-5A2B-4598-8C16-47B0EAD14DAF}.Debug|Any CPU.Build.0 = Debug|Any CPU
		{B2FC29D8-5A2B-4598-8C16-47B0EAD14DAF}.Release|Any CPU.ActiveCfg = Release|Any CPU
		{B2FC29D8-5A2B-4598-8C16-47B0EAD14DAF}.Release|Any CPU.Build.0 = Release|Any CPU
		{68E173FE-D725-4068-ACCC-147D6310148A}.Debug|Any CPU.ActiveCfg = Debug|Any CPU
		{68E173FE-D725-4068-ACCC-147D6310148A}.Debug|Any CPU.Build.0 = Debug|Any CPU
		{68E173FE-D725-4068-ACCC-147D6310148A}.Release|Any CPU.ActiveCfg = Release|Any CPU
		{68E173FE-D725-4068-ACCC-147D6310148A}.Release|Any CPU.Build.0 = Release|Any CPU
	EndGlobalSection
	GlobalSection(SolutionProperties) = preSolution
		HideSolutionNode = FALSE
	EndGlobalSection
	GlobalSection(ExtensibilityGlobals) = postSolution
		SolutionGuid = {DF99DA07-3765-485D-BEFF-F9AFC5101394}
	EndGlobalSection
EndGlobal
