
Microsoft Visual Studio Solution File, Format Version 12.00
# Visual Studio Version 17
VisualStudioVersion = 17.12.35527.113
MinimumVisualStudioVersion = 10.0.40219.1
Project("{FAE04EC0-301F-11D3-BF4B-00C04F79EFBC}") = "MovieList", "MovieList\MovieList.csproj", "{DD13545C-49EC-4D1E-BE94-4679EB0B8554}"
EndProject
Global
	GlobalSection(SolutionConfigurationPlatforms) = preSolution
		Debug|Any CPU = Debug|Any CPU
		Release|Any CPU = Release|Any CPU
	EndGlobalSection
	GlobalSection(ProjectConfigurationPlatforms) = postSolution
		{DD13545C-49EC-4D1E-BE94-4679EB0B8554}.Debug|Any CPU.ActiveCfg = Debug|Any CPU
		{DD13545C-49EC-4D1E-BE94-4679EB0B8554}.Debug|Any CPU.Build.0 = Debug|Any CPU
		{DD13545C-49EC-4D1E-BE94-4679EB0B8554}.Release|Any CPU.ActiveCfg = Release|Any CPU
		{DD13545C-49EC-4D1E-BE94-4679EB0B8554}.Release|Any CPU.Build.0 = Release|Any CPU
	EndGlobalSection
	GlobalSection(SolutionProperties) = preSolution
		HideSolutionNode = FALSE
	EndGlobalSection
EndGlobal
