
Microsoft Visual Studio Solution File, Format Version 12.00
# Visual Studio Version 17
VisualStudioVersion = 17.11.35327.3
MinimumVisualStudioVersion = 10.0.40219.1
Project("{FAE04EC0-301F-11D3-BF4B-00C04F79EFBC}") = "Models", "Models\Models.csproj", "{C694E6E5-CB18-4C26-A612-2FE50E98528E}"
EndProject
Project("{FAE04EC0-301F-11D3-BF4B-00C04F79EFBC}") = "Interfaces", "Interfaces\Interfaces.csproj", "{F56E8475-5391-44B4-9174-F1ACC4867E1D}"
EndProject
Project("{FAE04EC0-301F-11D3-BF4B-00C04F79EFBC}") = "Repository", "Repository\Repository.csproj", "{0F2848EE-79F0-4583-8AE9-6976C1EB5A84}"
EndProject
Project("{FAE04EC0-301F-11D3-BF4B-00C04F79EFBC}") = "Services", "Services\Services.csproj", "{96A9142F-B588-4A87-BE43-F0FE9A53F439}"
EndProject
Project("{FAE04EC0-301F-11D3-BF4B-00C04F79EFBC}") = "ProductController", "ProductController\ProductController.csproj", "{74611554-0E45-401A-A07A-54BABEFB7E37}"
EndProject
Project("{FAE04EC0-301F-11D3-BF4B-00C04F79EFBC}") = "dtos", "dtos\dtos.csproj", "{A629A781-F5D0-49B9-86D2-50A9D2243221}"
EndProject
Global
	GlobalSection(SolutionConfigurationPlatforms) = preSolution
		Debug|Any CPU = Debug|Any CPU
		Release|Any CPU = Release|Any CPU
	EndGlobalSection
	GlobalSection(ProjectConfigurationPlatforms) = postSolution
		{C694E6E5-CB18-4C26-A612-2FE50E98528E}.Debug|Any CPU.ActiveCfg = Debug|Any CPU
		{C694E6E5-CB18-4C26-A612-2FE50E98528E}.Debug|Any CPU.Build.0 = Debug|Any CPU
		{C694E6E5-CB18-4C26-A612-2FE50E98528E}.Release|Any CPU.ActiveCfg = Release|Any CPU
		{C694E6E5-CB18-4C26-A612-2FE50E98528E}.Release|Any CPU.Build.0 = Release|Any CPU
		{F56E8475-5391-44B4-9174-F1ACC4867E1D}.Debug|Any CPU.ActiveCfg = Debug|Any CPU
		{F56E8475-5391-44B4-9174-F1ACC4867E1D}.Debug|Any CPU.Build.0 = Debug|Any CPU
		{F56E8475-5391-44B4-9174-F1ACC4867E1D}.Release|Any CPU.ActiveCfg = Release|Any CPU
		{F56E8475-5391-44B4-9174-F1ACC4867E1D}.Release|Any CPU.Build.0 = Release|Any CPU
		{0F2848EE-79F0-4583-8AE9-6976C1EB5A84}.Debug|Any CPU.ActiveCfg = Debug|Any CPU
		{0F2848EE-79F0-4583-8AE9-6976C1EB5A84}.Debug|Any CPU.Build.0 = Debug|Any CPU
		{0F2848EE-79F0-4583-8AE9-6976C1EB5A84}.Release|Any CPU.ActiveCfg = Release|Any CPU
		{0F2848EE-79F0-4583-8AE9-6976C1EB5A84}.Release|Any CPU.Build.0 = Release|Any CPU
		{96A9142F-B588-4A87-BE43-F0FE9A53F439}.Debug|Any CPU.ActiveCfg = Debug|Any CPU
		{96A9142F-B588-4A87-BE43-F0FE9A53F439}.Debug|Any CPU.Build.0 = Debug|Any CPU
		{96A9142F-B588-4A87-BE43-F0FE9A53F439}.Release|Any CPU.ActiveCfg = Release|Any CPU
		{96A9142F-B588-4A87-BE43-F0FE9A53F439}.Release|Any CPU.Build.0 = Release|Any CPU
		{74611554-0E45-401A-A07A-54BABEFB7E37}.Debug|Any CPU.ActiveCfg = Debug|Any CPU
		{74611554-0E45-401A-A07A-54BABEFB7E37}.Debug|Any CPU.Build.0 = Debug|Any CPU
		{74611554-0E45-401A-A07A-54BABEFB7E37}.Release|Any CPU.ActiveCfg = Release|Any CPU
		{74611554-0E45-401A-A07A-54BABEFB7E37}.Release|Any CPU.Build.0 = Release|Any CPU
		{A629A781-F5D0-49B9-86D2-50A9D2243221}.Debug|Any CPU.ActiveCfg = Debug|Any CPU
		{A629A781-F5D0-49B9-86D2-50A9D2243221}.Debug|Any CPU.Build.0 = Debug|Any CPU
		{A629A781-F5D0-49B9-86D2-50A9D2243221}.Release|Any CPU.ActiveCfg = Release|Any CPU
		{A629A781-F5D0-49B9-86D2-50A9D2243221}.Release|Any CPU.Build.0 = Release|Any CPU
	EndGlobalSection
	GlobalSection(SolutionProperties) = preSolution
		HideSolutionNode = FALSE
	EndGlobalSection
	GlobalSection(ExtensibilityGlobals) = postSolution
		SolutionGuid = {67B7923B-948A-4390-A290-4E501070E5D3}
	EndGlobalSection
EndGlobal
