
Microsoft Visual Studio Solution File, Format Version 12.00
# Visual Studio Version 17
VisualStudioVersion = 17.11.35327.3
MinimumVisualStudioVersion = 10.0.40219.1
Project("{FAE04EC0-301F-11D3-BF4B-00C04F79EFBC}") = "Interview_prep", "Interview_prep\Interview_prep.csproj", "{68B7D70F-7EAE-4468-B4DC-1A09338A58FD}"
EndProject
Project("{FAE04EC0-301F-11D3-BF4B-00C04F79EFBC}") = "Delegates_Example1", "Delegates_Example1\Delegates_Example1.csproj", "{E924ADA5-DF6D-44E1-8939-6B9C0A5DD77A}"
EndProject
Project("{FAE04EC0-301F-11D3-BF4B-00C04F79EFBC}") = "GroupBy_Ex", "GroupBy_Ex\GroupBy_Ex.csproj", "{DA1AC08D-3DE4-4971-BED8-D4477AC02BB2}"
EndProject
Project("{FAE04EC0-301F-11D3-BF4B-00C04F79EFBC}") = "GroupBy1", "GroupBy1\GroupBy1.csproj", "{B0A5861F-5410-4A0A-B9CE-3C8C54F5EBD5}"
EndProject
Project("{FAE04EC0-301F-11D3-BF4B-00C04F79EFBC}") = "Linq_GroupBy_Task", "Linq_GroupBy_Task\Linq_GroupBy_Task.csproj", "{22D665BD-704E-4B9E-9847-036FFF5C6042}"
EndProject
Project("{FAE04EC0-301F-11D3-BF4B-00C04F79EFBC}") = "Specialization", "Specialization\Specialization.csproj", "{A14BB084-953D-4F35-A6A8-D32D1AC1918D}"
EndProject
Project("{FAE04EC0-301F-11D3-BF4B-00C04F79EFBC}") = "Single_level_Inheritance", "Single_level_Inheritance\Single_level_Inheritance.csproj", "{40FDEDBC-82C5-4096-A98E-CB03E1B9BD09}"
EndProject
Project("{FAE04EC0-301F-11D3-BF4B-00C04F79EFBC}") = "Multi_Level_Inheritance", "Multi_Level_Inheritance\Multi_Level_Inheritance.csproj", "{AE0C97DF-BA7A-4B16-8002-BAC568295012}"
EndProject
Project("{FAE04EC0-301F-11D3-BF4B-00C04F79EFBC}") = "Constructor_Injection", "Constructor_Injection\Constructor_Injection.csproj", "{97A601BE-FECD-47A7-9B4B-55FBC98A9C29}"
EndProject
Project("{FAE04EC0-301F-11D3-BF4B-00C04F79EFBC}") = "MethodInjection", "MethodInjection\MethodInjection.csproj", "{F6B6FA58-5712-4B97-8A6B-8CC755E7953D}"
EndProject
Project("{FAE04EC0-301F-11D3-BF4B-00C04F79EFBC}") = "PropertyInjection", "PropertyInjection\PropertyInjection.csproj", "{6141E91B-7054-42AA-86E4-ECACAB14B0C8}"
EndProject
Project("{FAE04EC0-301F-11D3-BF4B-00C04F79EFBC}") = "ExampleMethods", "ExampleMethods\ExampleMethods.csproj", "{F530FFD1-A4A3-428A-A30A-500596ED8865}"
EndProject
Project("{FAE04EC0-301F-11D3-BF4B-00C04F79EFBC}") = "Aysnchronous_Example1", "Aysnchronous_Example1\Aysnchronous_Example1.csproj", "{CDFBFCA3-DC9E-4B4B-A530-E05759F9BAEE}"
EndProject
Project("{FAE04EC0-301F-11D3-BF4B-00C04F79EFBC}") = "Natural_Numbers", "Natural_Numbers\Natural_Numbers.csproj", "{020D8CD4-1439-488F-B1A3-9939C830A3A9}"
EndProject
Project("{FAE04EC0-301F-11D3-BF4B-00C04F79EFBC}") = "AreaOfTriangle", "AreaOfTriangle\AreaOfTriangle.csproj", "{FCD30E04-7566-4D3D-A23A-99F301F7D339}"
EndProject
Project("{FAE04EC0-301F-11D3-BF4B-00C04F79EFBC}") = "Binary_Search", "Binary_Search\Binary_Search.csproj", "{53163DAC-C665-4490-986F-7613A64E63CE}"
EndProject
Project("{FAE04EC0-301F-11D3-BF4B-00C04F79EFBC}") = "EvenOrOddNo", "EvenOrOddNo\EvenOrOddNo.csproj", "{DAC63759-C08C-4D6C-B9D7-FAF16F20A555}"
EndProject
Project("{FAE04EC0-301F-11D3-BF4B-00C04F79EFBC}") = "SumOfDigits", "SumOfDigits\SumOfDigits.csproj", "{76279A61-C46B-4644-90B3-F9F18712F081}"
EndProject
Global
	GlobalSection(SolutionConfigurationPlatforms) = preSolution
		Debug|Any CPU = Debug|Any CPU
		Release|Any CPU = Release|Any CPU
	EndGlobalSection
	GlobalSection(ProjectConfigurationPlatforms) = postSolution
		{68B7D70F-7EAE-4468-B4DC-1A09338A58FD}.Debug|Any CPU.ActiveCfg = Debug|Any CPU
		{68B7D70F-7EAE-4468-B4DC-1A09338A58FD}.Debug|Any CPU.Build.0 = Debug|Any CPU
		{68B7D70F-7EAE-4468-B4DC-1A09338A58FD}.Release|Any CPU.ActiveCfg = Release|Any CPU
		{68B7D70F-7EAE-4468-B4DC-1A09338A58FD}.Release|Any CPU.Build.0 = Release|Any CPU
		{E924ADA5-DF6D-44E1-8939-6B9C0A5DD77A}.Debug|Any CPU.ActiveCfg = Debug|Any CPU
		{E924ADA5-DF6D-44E1-8939-6B9C0A5DD77A}.Debug|Any CPU.Build.0 = Debug|Any CPU
		{E924ADA5-DF6D-44E1-8939-6B9C0A5DD77A}.Release|Any CPU.ActiveCfg = Release|Any CPU
		{E924ADA5-DF6D-44E1-8939-6B9C0A5DD77A}.Release|Any CPU.Build.0 = Release|Any CPU
		{DA1AC08D-3DE4-4971-BED8-D4477AC02BB2}.Debug|Any CPU.ActiveCfg = Debug|Any CPU
		{DA1AC08D-3DE4-4971-BED8-D4477AC02BB2}.Debug|Any CPU.Build.0 = Debug|Any CPU
		{DA1AC08D-3DE4-4971-BED8-D4477AC02BB2}.Release|Any CPU.ActiveCfg = Release|Any CPU
		{DA1AC08D-3DE4-4971-BED8-D4477AC02BB2}.Release|Any CPU.Build.0 = Release|Any CPU
		{B0A5861F-5410-4A0A-B9CE-3C8C54F5EBD5}.Debug|Any CPU.ActiveCfg = Debug|Any CPU
		{B0A5861F-5410-4A0A-B9CE-3C8C54F5EBD5}.Debug|Any CPU.Build.0 = Debug|Any CPU
		{B0A5861F-5410-4A0A-B9CE-3C8C54F5EBD5}.Release|Any CPU.ActiveCfg = Release|Any CPU
		{B0A5861F-5410-4A0A-B9CE-3C8C54F5EBD5}.Release|Any CPU.Build.0 = Release|Any CPU
		{22D665BD-704E-4B9E-9847-036FFF5C6042}.Debug|Any CPU.ActiveCfg = Debug|Any CPU
		{22D665BD-704E-4B9E-9847-036FFF5C6042}.Debug|Any CPU.Build.0 = Debug|Any CPU
		{22D665BD-704E-4B9E-9847-036FFF5C6042}.Release|Any CPU.ActiveCfg = Release|Any CPU
		{22D665BD-704E-4B9E-9847-036FFF5C6042}.Release|Any CPU.Build.0 = Release|Any CPU
		{A14BB084-953D-4F35-A6A8-D32D1AC1918D}.Debug|Any CPU.ActiveCfg = Debug|Any CPU
		{A14BB084-953D-4F35-A6A8-D32D1AC1918D}.Debug|Any CPU.Build.0 = Debug|Any CPU
		{A14BB084-953D-4F35-A6A8-D32D1AC1918D}.Release|Any CPU.ActiveCfg = Release|Any CPU
		{A14BB084-953D-4F35-A6A8-D32D1AC1918D}.Release|Any CPU.Build.0 = Release|Any CPU
		{40FDEDBC-82C5-4096-A98E-CB03E1B9BD09}.Debug|Any CPU.ActiveCfg = Debug|Any CPU
		{40FDEDBC-82C5-4096-A98E-CB03E1B9BD09}.Debug|Any CPU.Build.0 = Debug|Any CPU
		{40FDEDBC-82C5-4096-A98E-CB03E1B9BD09}.Release|Any CPU.ActiveCfg = Release|Any CPU
		{40FDEDBC-82C5-4096-A98E-CB03E1B9BD09}.Release|Any CPU.Build.0 = Release|Any CPU
		{AE0C97DF-BA7A-4B16-8002-BAC568295012}.Debug|Any CPU.ActiveCfg = Debug|Any CPU
		{AE0C97DF-BA7A-4B16-8002-BAC568295012}.Debug|Any CPU.Build.0 = Debug|Any CPU
		{AE0C97DF-BA7A-4B16-8002-BAC568295012}.Release|Any CPU.ActiveCfg = Release|Any CPU
		{AE0C97DF-BA7A-4B16-8002-BAC568295012}.Release|Any CPU.Build.0 = Release|Any CPU
		{97A601BE-FECD-47A7-9B4B-55FBC98A9C29}.Debug|Any CPU.ActiveCfg = Debug|Any CPU
		{97A601BE-FECD-47A7-9B4B-55FBC98A9C29}.Debug|Any CPU.Build.0 = Debug|Any CPU
		{97A601BE-FECD-47A7-9B4B-55FBC98A9C29}.Release|Any CPU.ActiveCfg = Release|Any CPU
		{97A601BE-FECD-47A7-9B4B-55FBC98A9C29}.Release|Any CPU.Build.0 = Release|Any CPU
		{F6B6FA58-5712-4B97-8A6B-8CC755E7953D}.Debug|Any CPU.ActiveCfg = Debug|Any CPU
		{F6B6FA58-5712-4B97-8A6B-8CC755E7953D}.Debug|Any CPU.Build.0 = Debug|Any CPU
		{F6B6FA58-5712-4B97-8A6B-8CC755E7953D}.Release|Any CPU.ActiveCfg = Release|Any CPU
		{F6B6FA58-5712-4B97-8A6B-8CC755E7953D}.Release|Any CPU.Build.0 = Release|Any CPU
		{6141E91B-7054-42AA-86E4-ECACAB14B0C8}.Debug|Any CPU.ActiveCfg = Debug|Any CPU
		{6141E91B-7054-42AA-86E4-ECACAB14B0C8}.Debug|Any CPU.Build.0 = Debug|Any CPU
		{6141E91B-7054-42AA-86E4-ECACAB14B0C8}.Release|Any CPU.ActiveCfg = Release|Any CPU
		{6141E91B-7054-42AA-86E4-ECACAB14B0C8}.Release|Any CPU.Build.0 = Release|Any CPU
		{F530FFD1-A4A3-428A-A30A-500596ED8865}.Debug|Any CPU.ActiveCfg = Debug|Any CPU
		{F530FFD1-A4A3-428A-A30A-500596ED8865}.Debug|Any CPU.Build.0 = Debug|Any CPU
		{F530FFD1-A4A3-428A-A30A-500596ED8865}.Release|Any CPU.ActiveCfg = Release|Any CPU
		{F530FFD1-A4A3-428A-A30A-500596ED8865}.Release|Any CPU.Build.0 = Release|Any CPU
		{CDFBFCA3-DC9E-4B4B-A530-E05759F9BAEE}.Debug|Any CPU.ActiveCfg = Debug|Any CPU
		{CDFBFCA3-DC9E-4B4B-A530-E05759F9BAEE}.Debug|Any CPU.Build.0 = Debug|Any CPU
		{CDFBFCA3-DC9E-4B4B-A530-E05759F9BAEE}.Release|Any CPU.ActiveCfg = Release|Any CPU
		{CDFBFCA3-DC9E-4B4B-A530-E05759F9BAEE}.Release|Any CPU.Build.0 = Release|Any CPU
		{020D8CD4-1439-488F-B1A3-9939C830A3A9}.Debug|Any CPU.ActiveCfg = Debug|Any CPU
		{020D8CD4-1439-488F-B1A3-9939C830A3A9}.Debug|Any CPU.Build.0 = Debug|Any CPU
		{020D8CD4-1439-488F-B1A3-9939C830A3A9}.Release|Any CPU.ActiveCfg = Release|Any CPU
		{020D8CD4-1439-488F-B1A3-9939C830A3A9}.Release|Any CPU.Build.0 = Release|Any CPU
		{FCD30E04-7566-4D3D-A23A-99F301F7D339}.Debug|Any CPU.ActiveCfg = Debug|Any CPU
		{FCD30E04-7566-4D3D-A23A-99F301F7D339}.Debug|Any CPU.Build.0 = Debug|Any CPU
		{FCD30E04-7566-4D3D-A23A-99F301F7D339}.Release|Any CPU.ActiveCfg = Release|Any CPU
		{FCD30E04-7566-4D3D-A23A-99F301F7D339}.Release|Any CPU.Build.0 = Release|Any CPU
		{53163DAC-C665-4490-986F-7613A64E63CE}.Debug|Any CPU.ActiveCfg = Debug|Any CPU
		{53163DAC-C665-4490-986F-7613A64E63CE}.Debug|Any CPU.Build.0 = Debug|Any CPU
		{53163DAC-C665-4490-986F-7613A64E63CE}.Release|Any CPU.ActiveCfg = Release|Any CPU
		{53163DAC-C665-4490-986F-7613A64E63CE}.Release|Any CPU.Build.0 = Release|Any CPU
		{DAC63759-C08C-4D6C-B9D7-FAF16F20A555}.Debug|Any CPU.ActiveCfg = Debug|Any CPU
		{DAC63759-C08C-4D6C-B9D7-FAF16F20A555}.Debug|Any CPU.Build.0 = Debug|Any CPU
		{DAC63759-C08C-4D6C-B9D7-FAF16F20A555}.Release|Any CPU.ActiveCfg = Release|Any CPU
		{DAC63759-C08C-4D6C-B9D7-FAF16F20A555}.Release|Any CPU.Build.0 = Release|Any CPU
		{76279A61-C46B-4644-90B3-F9F18712F081}.Debug|Any CPU.ActiveCfg = Debug|Any CPU
		{76279A61-C46B-4644-90B3-F9F18712F081}.Debug|Any CPU.Build.0 = Debug|Any CPU
		{76279A61-C46B-4644-90B3-F9F18712F081}.Release|Any CPU.ActiveCfg = Release|Any CPU
		{76279A61-C46B-4644-90B3-F9F18712F081}.Release|Any CPU.Build.0 = Release|Any CPU
	EndGlobalSection
	GlobalSection(SolutionProperties) = preSolution
		HideSolutionNode = FALSE
	EndGlobalSection
	GlobalSection(ExtensibilityGlobals) = postSolution
		SolutionGuid = {1821614A-C69E-4CDF-876B-FBEFD264FA9D}
	EndGlobalSection
EndGlobal
