
Microsoft Visual Studio Solution File, Format Version 12.00
# Visual Studio Version 17
VisualStudioVersion = 17.11.35327.3
MinimumVisualStudioVersion = 10.0.40219.1
Project("{FAE04EC0-301F-11D3-BF4B-00C04F79EFBC}") = "Playwright_One_To_OneTestCases", "Playwright_One_To_OneTestCases\Playwright_One_To_OneTestCases.csproj", "{25D90B46-D6C2-4236-A960-95D9E8674F56}"
EndProject
Global
	GlobalSection(SolutionConfigurationPlatforms) = preSolution
		Debug|Any CPU = Debug|Any CPU
		Release|Any CPU = Release|Any CPU
	EndGlobalSection
	GlobalSection(ProjectConfigurationPlatforms) = postSolution
		{25D90B46-D6C2-4236-A960-95D9E8674F56}.Debug|Any CPU.ActiveCfg = Debug|Any CPU
		{25D90B46-D6C2-4236-A960-95D9E8674F56}.Debug|Any CPU.Build.0 = Debug|Any CPU
		{25D90B46-D6C2-4236-A960-95D9E8674F56}.Release|Any CPU.ActiveCfg = Release|Any CPU
		{25D90B46-D6C2-4236-A960-95D9E8674F56}.Release|Any CPU.Build.0 = Release|Any CPU
	EndGlobalSection
	GlobalSection(SolutionProperties) = preSolution
		HideSolutionNode = FALSE
	EndGlobalSection
	GlobalSection(ExtensibilityGlobals) = postSolution
		SolutionGuid = {EBBA36AE-2FCC-421D-A570-2D1EAC9DEDDA}
	EndGlobalSection
EndGlobal
