
Microsoft Visual Studio Solution File, Format Version 12.00
# Visual Studio Version 17
VisualStudioVersion = 17.11.35327.3
MinimumVisualStudioVersion = 10.0.40219.1
Project("{FAE04EC0-301F-11D3-BF4B-00C04F79EFBC}") = "EmployeeManagement", "EmployeeManagement\EmployeeManagement.csproj", "{AA555FA5-132C-4FC0-88A7-DBE636633CE4}"
EndProject
Global
	GlobalSection(SolutionConfigurationPlatforms) = preSolution
		Debug|Any CPU = Debug|Any CPU
		Release|Any CPU = Release|Any CPU
	EndGlobalSection
	GlobalSection(ProjectConfigurationPlatforms) = postSolution
		{AA555FA5-132C-4FC0-88A7-DBE636633CE4}.Debug|Any CPU.ActiveCfg = Debug|Any CPU
		{AA555FA5-132C-4FC0-88A7-DBE636633CE4}.Debug|Any CPU.Build.0 = Debug|Any CPU
		{AA555FA5-132C-4FC0-88A7-DBE636633CE4}.Release|Any CPU.ActiveCfg = Release|Any CPU
		{AA555FA5-132C-4FC0-88A7-DBE636633CE4}.Release|Any CPU.Build.0 = Release|Any CPU
	EndGlobalSection
	GlobalSection(SolutionProperties) = preSolution
		HideSolutionNode = FALSE
	EndGlobalSection
	GlobalSection(ExtensibilityGlobals) = postSolution
		SolutionGuid = {18A0F55A-D4DC-4733-96CA-C8936B35670D}
	EndGlobalSection
EndGlobal
