
Microsoft Visual Studio Solution File, Format Version 12.00
# Visual Studio Version 17
VisualStudioVersion = 17.11.35327.3
MinimumVisualStudioVersion = 10.0.40219.1
Project("{FAE04EC0-301F-11D3-BF4B-00C04F79EFBC}") = "Models", "Models\Models.csproj", "{53BBDE5D-E5B7-4B2D-935B-B7D976412278}"
EndProject
Project("{FAE04EC0-301F-11D3-BF4B-00C04F79EFBC}") = "Interfaces", "Interfaces\Interfaces.csproj", "{18E02656-4D23-4C49-BAB6-2FA451B2461F}"
EndProject
Project("{FAE04EC0-301F-11D3-BF4B-00C04F79EFBC}") = "Repositories", "Repositories\Repositories.csproj", "{3EF76B93-4A9A-4AE8-89BF-D8F28033D105}"
EndProject
Project("{FAE04EC0-301F-11D3-BF4B-00C04F79EFBC}") = "Services", "Services\Services.csproj", "{8A25515D-A0F1-4BD6-9E68-1B21E4875640}"
EndProject
Project("{FAE04EC0-301F-11D3-BF4B-00C04F79EFBC}") = "Dto", "Dto\Dto.csproj", "{8A946E24-0A5E-4F73-A482-107A3859FBBD}"
EndProject
Project("{FAE04EC0-301F-11D3-BF4B-00C04F79EFBC}") = "ProductController", "ProductController\ProductController.csproj", "{579A5BE8-D66B-42A1-820A-DECDCC6DFA55}"
EndProject
Project("{FAE04EC0-301F-11D3-BF4B-00C04F79EFBC}") = "Middlewares", "Middlewares\Middlewares.csproj", "{B47B0683-E175-4EF5-A8D9-B4DA6DAB5BD0}"
EndProject
Global
	GlobalSection(SolutionConfigurationPlatforms) = preSolution
		Debug|Any CPU = Debug|Any CPU
		Release|Any CPU = Release|Any CPU
	EndGlobalSection
	GlobalSection(ProjectConfigurationPlatforms) = postSolution
		{53BBDE5D-E5B7-4B2D-935B-B7D976412278}.Debug|Any CPU.ActiveCfg = Debug|Any CPU
		{53BBDE5D-E5B7-4B2D-935B-B7D976412278}.Debug|Any CPU.Build.0 = Debug|Any CPU
		{53BBDE5D-E5B7-4B2D-935B-B7D976412278}.Release|Any CPU.ActiveCfg = Release|Any CPU
		{53BBDE5D-E5B7-4B2D-935B-B7D976412278}.Release|Any CPU.Build.0 = Release|Any CPU
		{18E02656-4D23-4C49-BAB6-2FA451B2461F}.Debug|Any CPU.ActiveCfg = Debug|Any CPU
		{18E02656-4D23-4C49-BAB6-2FA451B2461F}.Debug|Any CPU.Build.0 = Debug|Any CPU
		{18E02656-4D23-4C49-BAB6-2FA451B2461F}.Release|Any CPU.ActiveCfg = Release|Any CPU
		{18E02656-4D23-4C49-BAB6-2FA451B2461F}.Release|Any CPU.Build.0 = Release|Any CPU
		{3EF76B93-4A9A-4AE8-89BF-D8F28033D105}.Debug|Any CPU.ActiveCfg = Debug|Any CPU
		{3EF76B93-4A9A-4AE8-89BF-D8F28033D105}.Debug|Any CPU.Build.0 = Debug|Any CPU
		{3EF76B93-4A9A-4AE8-89BF-D8F28033D105}.Release|Any CPU.ActiveCfg = Release|Any CPU
		{3EF76B93-4A9A-4AE8-89BF-D8F28033D105}.Release|Any CPU.Build.0 = Release|Any CPU
		{8A25515D-A0F1-4BD6-9E68-1B21E4875640}.Debug|Any CPU.ActiveCfg = Debug|Any CPU
		{8A25515D-A0F1-4BD6-9E68-1B21E4875640}.Debug|Any CPU.Build.0 = Debug|Any CPU
		{8A25515D-A0F1-4BD6-9E68-1B21E4875640}.Release|Any CPU.ActiveCfg = Release|Any CPU
		{8A25515D-A0F1-4BD6-9E68-1B21E4875640}.Release|Any CPU.Build.0 = Release|Any CPU
		{8A946E24-0A5E-4F73-A482-107A3859FBBD}.Debug|Any CPU.ActiveCfg = Debug|Any CPU
		{8A946E24-0A5E-4F73-A482-107A3859FBBD}.Debug|Any CPU.Build.0 = Debug|Any CPU
		{8A946E24-0A5E-4F73-A482-107A3859FBBD}.Release|Any CPU.ActiveCfg = Release|Any CPU
		{8A946E24-0A5E-4F73-A482-107A3859FBBD}.Release|Any CPU.Build.0 = Release|Any CPU
		{579A5BE8-D66B-42A1-820A-DECDCC6DFA55}.Debug|Any CPU.ActiveCfg = Debug|Any CPU
		{579A5BE8-D66B-42A1-820A-DECDCC6DFA55}.Debug|Any CPU.Build.0 = Debug|Any CPU
		{579A5BE8-D66B-42A1-820A-DECDCC6DFA55}.Release|Any CPU.ActiveCfg = Release|Any CPU
		{579A5BE8-D66B-42A1-820A-DECDCC6DFA55}.Release|Any CPU.Build.0 = Release|Any CPU
		{B47B0683-E175-4EF5-A8D9-B4DA6DAB5BD0}.Debug|Any CPU.ActiveCfg = Debug|Any CPU
		{B47B0683-E175-4EF5-A8D9-B4DA6DAB5BD0}.Debug|Any CPU.Build.0 = Debug|Any CPU
		{B47B0683-E175-4EF5-A8D9-B4DA6DAB5BD0}.Release|Any CPU.ActiveCfg = Release|Any CPU
		{B47B0683-E175-4EF5-A8D9-B4DA6DAB5BD0}.Release|Any CPU.Build.0 = Release|Any CPU
	EndGlobalSection
	GlobalSection(SolutionProperties) = preSolution
		HideSolutionNode = FALSE
	EndGlobalSection
	GlobalSection(ExtensibilityGlobals) = postSolution
		SolutionGuid = {23871827-5170-40C7-9CE0-542AA954758C}
	EndGlobalSection
EndGlobal
